{
  "requires": true,
  "lockfileVersion": 1,
  "dependencies": {
    "jquery": {
      "version": "3.4.1",
      "resolved": "https://registry.npmjs.org/jquery/-/jquery-3.4.1.tgz",
      "integrity": "sha512-36+AdBzCL+y6qjw5Tx7HgzeGCzC81MDDgaUP8ld2zhx58HdqXGoBd+tHdrBMiyjGQs0Hxs/MLZTu/eHNJJuWPw=="
    },
    "uni-simple-router": {
      "version": "1.2.5",
      "resolved": "https://registry.npmjs.org/uni-simple-router/-/uni-simple-router-1.2.5.tgz",
      "integrity": "sha512-S+I7mDszDxK++73sFZXThX1NODAtZfeyPiILY+KfZerVnBbFmxdGPRk1NbVGEI8K/B0mRHtwSu+L+BtedIhBYg=="
    },
    "vue-router": {
      "version": "3.1.3",
      "resolved": "https://registry.npmjs.org/vue-router/-/vue-router-3.1.3.tgz",
      "integrity": "sha512-8iSa4mGNXBjyuSZFCCO4fiKfvzqk+mhL0lnKuGcQtO1eoj8nq3CmbEG8FwK5QqoqwDgsjsf1GDuisDX4cdb/aQ=="
    }
  }
}
